<?xml version="1.0" encoding="UTF-8" standalone="yes" ?>
<CodeBlocks_project_file>
	<FileVersion major="1" minor="6" />
	<Project>
		<Option title="JNI module for pw3270/lib3270" />
		<Option makefile_is_custom="1" />
		<Option pch_mode="2" />
		<Option compiler="gcc" />
		<Build>
			<Target title="Debug">
				<Option output=".bin/Debug/JNI module for pw3270/lib3270" prefix_auto="1" extension_auto="1" />
				<Option object_output=".obj/Debug/" />
				<Option type="1" />
				<Option compiler="gcc" />
				<Compiler>
					<Add option="-g" />
				</Compiler>
			</Target>
			<Target title="Release">
				<Option output=".bin/Release/JNI module for pw3270/lib3270" prefix_auto="1" extension_auto="1" />
				<Option object_output=".obj/Release/" />
				<Option type="1" />
				<Option compiler="gcc" />
				<Compiler>
					<Add option="-O2" />
				</Compiler>
				<Linker>
					<Add option="-s" />
				</Linker>
			</Target>
		</Build>
		<Compiler>
			<Add option="-Wall" />
		</Compiler>
		<Unit filename="src/include/config.h" />
		<Unit filename="src/include/java3270.h" />
		<Unit filename="src/jni/Makefile.in" />
		<Unit filename="src/jni/actions.cc" />
		<Unit filename="src/jni/call.cc" />
		<Unit filename="src/jni/clipboard.cc" />
		<Unit filename="src/jni/connect.cc" />
		<Unit filename="src/jni/cursor.cc" />
		<Unit filename="src/jni/dialog.cc" />
		<Unit filename="src/jni/field.cc" />
		<Unit filename="src/jni/getset.cc" />
		<Unit filename="src/jni/info.cc" />
		<Unit filename="src/jni/jni3270.h" />
		<Unit filename="src/jni/keyboard.cc" />
		<Unit filename="src/jni/main.cc" />
		<Unit filename="src/jni/private.h" />
		<Unit filename="src/jni/startstop.cc" />
		<Unit filename="src/plugin/call.cc" />
		<Unit filename="src/plugin/plugin.cc" />
		<Unit filename="src/plugin/private.h" />
		<Unit filename="src/plugin/startstop.cc" />
		<Unit filename="src/terminal.java" />
		<Extensions>
			<code_completion />
			<envvars />
			<debugger />
			<lib_finder disable_auto="1" />
		</Extensions>
	</Project>
</CodeBlocks_project_file>
